
Microsoft Visual Studio Solution File, Format Version 12.00
# Visual Studio Version 17
VisualStudioVersion = 17.6.33723.286
MinimumVisualStudioVersion = 10.0.40219.1
Project("{FAE04EC0-301F-11D3-BF4B-00C04F79EFBC}") = "Facility.VisualStudioExtension", "src\Facility.VisualStudioExtension\Facility.VisualStudioExtension.csproj", "{DAF6D245-05A3-4CBE-A89B-048A2FDA172C}"
EndProject
Project("{2150E333-8FDC-42A3-9474-1A3956D46DE8}") = "Solution Items", "Solution Items", "{836658DD-5DDC-4D20-9827-EF73956223D2}"
	ProjectSection(SolutionItems) = preProject
		.editorconfig = .editorconfig
		.gitattributes = .gitattributes
		.gitignore = .gitignore
		CONTRIBUTING.md = CONTRIBUTING.md
		LICENSE = LICENSE
		README.md = README.md
		ReleaseNotes.md = ReleaseNotes.md
	EndProjectSection
EndProject
Global
	GlobalSection(SolutionConfigurationPlatforms) = preSolution
		Debug|Any CPU = Debug|Any CPU
		Debug|arm64 = Debug|arm64
		Debug|x86 = Debug|x86
		Release|Any CPU = Release|Any CPU
		Release|arm64 = Release|arm64
		Release|x86 = Release|x86
	EndGlobalSection
	GlobalSection(ProjectConfigurationPlatforms) = postSolution
		{DAF6D245-05A3-4CBE-A89B-048A2FDA172C}.Debug|Any CPU.ActiveCfg = Debug|Any CPU
		{DAF6D245-05A3-4CBE-A89B-048A2FDA172C}.Debug|Any CPU.Build.0 = Debug|Any CPU
		{DAF6D245-05A3-4CBE-A89B-048A2FDA172C}.Debug|arm64.ActiveCfg = Debug|arm64
		{DAF6D245-05A3-4CBE-A89B-048A2FDA172C}.Debug|arm64.Build.0 = Debug|arm64
		{DAF6D245-05A3-4CBE-A89B-048A2FDA172C}.Debug|x86.ActiveCfg = Debug|x86
		{DAF6D245-05A3-4CBE-A89B-048A2FDA172C}.Debug|x86.Build.0 = Debug|x86
		{DAF6D245-05A3-4CBE-A89B-048A2FDA172C}.Release|Any CPU.ActiveCfg = Release|Any CPU
		{DAF6D245-05A3-4CBE-A89B-048A2FDA172C}.Release|Any CPU.Build.0 = Release|Any CPU
		{DAF6D245-05A3-4CBE-A89B-048A2FDA172C}.Release|arm64.ActiveCfg = Release|arm64
		{DAF6D245-05A3-4CBE-A89B-048A2FDA172C}.Release|arm64.Build.0 = Release|arm64
		{DAF6D245-05A3-4CBE-A89B-048A2FDA172C}.Release|x86.ActiveCfg = Release|x86
		{DAF6D245-05A3-4CBE-A89B-048A2FDA172C}.Release|x86.Build.0 = Release|x86
	EndGlobalSection
	GlobalSection(SolutionProperties) = preSolution
		HideSolutionNode = FALSE
	EndGlobalSection
	GlobalSection(ExtensibilityGlobals) = postSolution
		SolutionGuid = {70BEB12A-91A6-4FE1-A6BA-6988BB35B4F6}
	EndGlobalSection
EndGlobal
